
Microsoft Visual Studio Solution File, Format Version 12.00
# Visual Studio 15
VisualStudioVersion = 15.0.28307.539
MinimumVisualStudioVersion = 10.0.40219.1
Project("{FAE04EC0-301F-11D3-BF4B-00C04F79EFBC}") = "ProCampHome", "ProCampHome\ProCampHome.csproj", "{54EB56C9-AA88-4363-A104-8236DAA961DF}"
EndProject
Global
	GlobalSection(SolutionConfigurationPlatforms) = preSolution
		Debug|Any CPU = Debug|Any CPU
		Release|Any CPU = Release|Any CPU
	EndGlobalSection
	GlobalSection(ProjectConfigurationPlatforms) = postSolution
		{54EB56C9-AA88-4363-A104-8236DAA961DF}.Debug|Any CPU.ActiveCfg = Debug|Any CPU
		{54EB56C9-AA88-4363-A104-8236DAA961DF}.Debug|Any CPU.Build.0 = Debug|Any CPU
		{54EB56C9-AA88-4363-A104-8236DAA961DF}.Release|Any CPU.ActiveCfg = Release|Any CPU
		{54EB56C9-AA88-4363-A104-8236DAA961DF}.Release|Any CPU.Build.0 = Release|Any CPU
	EndGlobalSection
	GlobalSection(SolutionProperties) = preSolution
		HideSolutionNode = FALSE
	EndGlobalSection
	GlobalSection(ExtensibilityGlobals) = postSolution
		SolutionGuid = {BF848D66-F287-48EE-A1AE-5D33EEA79F99}
	EndGlobalSection
EndGlobal
